// !$*UTF8*$!
{
	archiveVersion = 1;
	classes = {
	};
	objectVersion = 55;
	objects = {

/* Begin PBXBuildFile section */
		A50392D3277F9CA30069D34A /* AppDelegate.swift in Sources */ = {isa = PBXBuildFile; fileRef = A50392D2277F9CA30069D34A /* AppDelegate.swift */; };
		A50392D5277F9CA30069D34A /* SceneDelegate.swift in Sources */ = {isa = PBXBuildFile; fileRef = A50392D4277F9CA30069D34A /* SceneDelegate.swift */; };
		A50392D7277F9CA30069D34A /* MainViewController.swift in Sources */ = {isa = PBXBuildFile; fileRef = A50392D6277F9CA30069D34A /* MainViewController.swift */; };
		A50392DA277F9CA30069D34A /* Main.storyboard in Resources */ = {isa = PBXBuildFile; fileRef = A50392D8277F9CA30069D34A /* Main.storyboard */; };
		A50392DC277F9CA50069D34A /* Assets.xcassets in Resources */ = {isa = PBXBuildFile; fileRef = A50392DB277F9CA50069D34A /* Assets.xcassets */; };
		A50392DF277F9CA50069D34A /* LaunchScreen.storyboard in Resources */ = {isa = PBXBuildFile; fileRef = A50392DD277F9CA50069D34A /* LaunchScreen.storyboard */; };
		A50392EA277F9CA60069D34A /* TicTacToeTests.swift in Sources */ = {isa = PBXBuildFile; fileRef = A50392E9277F9CA60069D34A /* TicTacToeTests.swift */; };
		A50392F4277F9CA60069D34A /* TicTacToeUITests.swift in Sources */ = {isa = PBXBuildFile; fileRef = A50392F3277F9CA60069D34A /* TicTacToeUITests.swift */; };
		A50392F6277F9CA60069D34A /* TicTacToeUITestsLaunchTests.swift in Sources */ = {isa = PBXBuildFile; fileRef = A50392F5277F9CA60069D34A /* TicTacToeUITestsLaunchTests.swift */; };
		A5039304277FB1CC0069D34A /* TicTacToeModel.swift in Sources */ = {isa = PBXBuildFile; fileRef = A5039303277FB1CC0069D34A /* TicTacToeModel.swift */; };
		A581590F277FF147006AF77B /* GameButton.swift in Sources */ = {isa = PBXBuildFile; fileRef = A581590E277FF147006AF77B /* GameButton.swift */; };
/* End PBXBuildFile section */

/* Begin PBXContainerItemProxy section */
		A50392E6277F9CA60069D34A /* PBXContainerItemProxy */ = {
			isa = PBXContainerItemProxy;
			containerPortal = A50392C7277F9CA30069D34A /* Project object */;
			proxyType = 1;
			remoteGlobalIDString = A50392CE277F9CA30069D34A;
			remoteInfo = TicTacToe;
		};
		A50392F0277F9CA60069D34A /* PBXContainerItemProxy */ = {
			isa = PBXContainerItemProxy;
			containerPortal = A50392C7277F9CA30069D34A /* Project object */;
			proxyType = 1;
			remoteGlobalIDString = A50392CE277F9CA30069D34A;
			remoteInfo = TicTacToe;
		};
/* End PBXContainerItemProxy section */

/* Begin PBXFileReference section */
		A50392CF277F9CA30069D34A /* TicTacToe.app */ = {isa = PBXFileReference; explicitFileType = wrapper.application; includeInIndex = 0; path = TicTacToe.app; sourceTree = BUILT_PRODUCTS_DIR; };
		A50392D2277F9CA30069D34A /* AppDelegate.swift */ = {isa = PBXFileReference; lastKnownFileType = sourcecode.swift; path = AppDelegate.swift; sourceTree = "<group>"; };
		A50392D4277F9CA30069D34A /* SceneDelegate.swift */ = {isa = PBXFileReference; lastKnownFileType = sourcecode.swift; path = SceneDelegate.swift; sourceTree = "<group>"; };
		A50392D6277F9CA30069D34A /* MainViewController.swift */ = {isa = PBXFileReference; lastKnownFileType = sourcecode.swift; path = MainViewController.swift; sourceTree = "<group>"; };
		A50392D9277F9CA30069D34A /* Base */ = {isa = PBXFileReference; lastKnownFileType = file.storyboard; name = Base; path = Base.lproj/Main.storyboard; sourceTree = "<group>"; };
		A50392DB277F9CA50069D34A /* Assets.xcassets */ = {isa = PBXFileReference; lastKnownFileType = folder.assetcatalog; path = Assets.xcassets; sourceTree = "<group>"; };
		A50392DE277F9CA50069D34A /* Base */ = {isa = PBXFileReference; lastKnownFileType = file.storyboard; name = Base; path = Base.lproj/LaunchScreen.storyboard; sourceTree = "<group>"; };
		A50392E0277F9CA50069D34A /* Info.plist */ = {isa = PBXFileReference; lastKnownFileType = text.plist.xml; path = Info.plist; sourceTree = "<group>"; };
		A50392E5277F9CA60069D34A /* TicTacToeTests.xctest */ = {isa = PBXFileReference; explicitFileType = wrapper.cfbundle; includeInIndex = 0; path = TicTacToeTests.xctest; sourceTree = BUILT_PRODUCTS_DIR; };
		A50392E9277F9CA60069D34A /* TicTacToeTests.swift */ = {isa = PBXFileReference; lastKnownFileType = sourcecode.swift; path = TicTacToeTests.swift; sourceTree = "<group>"; };
		A50392EF277F9CA60069D34A /* TicTacToeUITests.xctest */ = {isa = PBXFileReference; explicitFileType = wrapper.cfbundle; includeInIndex = 0; path = TicTacToeUITests.xctest; sourceTree = BUILT_PRODUCTS_DIR; };
		A50392F3277F9CA60069D34A /* TicTacToeUITests.swift */ = {isa = PBXFileReference; lastKnownFileType = sourcecode.swift; path = TicTacToeUITests.swift; sourceTree = "<group>"; };
		A50392F5277F9CA60069D34A /* TicTacToeUITestsLaunchTests.swift */ = {isa = PBXFileReference; lastKnownFileType = sourcecode.swift; path = TicTacToeUITestsLaunchTests.swift; sourceTree = "<group>"; };
		A5039303277FB1CC0069D34A /* TicTacToeModel.swift */ = {isa = PBXFileReference; lastKnownFileType = sourcecode.swift; path = TicTacToeModel.swift; sourceTree = "<group>"; };
		A581590E277FF147006AF77B /* GameButton.swift */ = {isa = PBXFileReference; lastKnownFileType = sourcecode.swift; path = GameButton.swift; sourceTree = "<group>"; };
/* End PBXFileReference section */

/* Begin PBXFrameworksBuildPhase section */
		A50392CC277F9CA30069D34A /* Frameworks */ = {
			isa = PBXFrameworksBuildPhase;
			buildActionMask = 2147483647;
			files = (
			);
			runOnlyForDeploymentPostprocessing = 0;
		};
		A50392E2277F9CA60069D34A /* Frameworks */ = {
			isa = PBXFrameworksBuildPhase;
			buildActionMask = 2147483647;
			files = (
			);
			runOnlyForDeploymentPostprocessing = 0;
		};
		A50392EC277F9CA60069D34A /* Frameworks */ = {
			isa = PBXFrameworksBuildPhase;
			buildActionMask = 2147483647;
			files = (
			);
			runOnlyForDeploymentPostprocessing = 0;
		};
/* End PBXFrameworksBuildPhase section */

/* Begin PBXGroup section */
		A50392C6277F9CA30069D34A = {
			isa = PBXGroup;
			children = (
				A50392D1277F9CA30069D34A /* TicTacToe */,
				A50392E8277F9CA60069D34A /* TicTacToeTests */,
				A50392F2277F9CA60069D34A /* TicTacToeUITests */,
				A50392D0277F9CA30069D34A /* Products */,
			);
			sourceTree = "<group>";
		};
		A50392D0277F9CA30069D34A /* Products */ = {
			isa = PBXGroup;
			children = (
				A50392CF277F9CA30069D34A /* TicTacToe.app */,
				A50392E5277F9CA60069D34A /* TicTacToeTests.xctest */,
				A50392EF277F9CA60069D34A /* TicTacToeUITests.xctest */,
			);
			name = Products;
			sourceTree = "<group>";
		};
		A50392D1277F9CA30069D34A /* TicTacToe */ = {
			isa = PBXGroup;
			children = (
				A50392D2277F9CA30069D34A /* AppDelegate.swift */,
				A50392D4277F9CA30069D34A /* SceneDelegate.swift */,
				A5039305277FB1D10069D34A /* Model */,
				A5039302277FB1B40069D34A /* View */,
				A50392D8277F9CA30069D34A /* Main.storyboard */,
				A50392DB277F9CA50069D34A /* Assets.xcassets */,
				A50392DD277F9CA50069D34A /* LaunchScreen.storyboard */,
				A50392E0277F9CA50069D34A /* Info.plist */,
			);
			path = TicTacToe;
			sourceTree = "<group>";
		};
		A50392E8277F9CA60069D34A /* TicTacToeTests */ = {
			isa = PBXGroup;
			children = (
				A50392E9277F9CA60069D34A /* TicTacToeTests.swift */,
			);
			path = TicTacToeTests;
			sourceTree = "<group>";
		};
		A50392F2277F9CA60069D34A /* TicTacToeUITests */ = {
			isa = PBXGroup;
			children = (
				A50392F3277F9CA60069D34A /* TicTacToeUITests.swift */,
				A50392F5277F9CA60069D34A /* TicTacToeUITestsLaunchTests.swift */,
			);
			path = TicTacToeUITests;
			sourceTree = "<group>";
		};
		A5039302277FB1B40069D34A /* View */ = {
			isa = PBXGroup;
			children = (
				A50392D6277F9CA30069D34A /* MainViewController.swift */,
				A581590E277FF147006AF77B /* GameButton.swift */,
			);
			path = View;
			sourceTree = "<group>";
		};
		A5039305277FB1D10069D34A /* Model */ = {
			isa = PBXGroup;
			children = (
				A5039303277FB1CC0069D34A /* TicTacToeModel.swift */,
			);
			path = Model;
			sourceTree = "<group>";
		};
/* End PBXGroup section */

/* Begin PBXNativeTarget section */
		A50392CE277F9CA30069D34A /* TicTacToe */ = {
			isa = PBXNativeTarget;
			buildConfigurationList = A50392F9277F9CA60069D34A /* Build configuration list for PBXNativeTarget "TicTacToe" */;
			buildPhases = (
				A50392CB277F9CA30069D34A /* Sources */,
				A50392CC277F9CA30069D34A /* Frameworks */,
				A50392CD277F9CA30069D34A /* Resources */,
			);
			buildRules = (
			);
			dependencies = (
			);
			name = TicTacToe;
			productName = TicTacToe;
			productReference = A50392CF277F9CA30069D34A /* TicTacToe.app */;
			productType = "com.apple.product-type.application";
		};
		A50392E4277F9CA60069D34A /* TicTacToeTests */ = {
			isa = PBXNativeTarget;
			buildConfigurationList = A50392FC277F9CA60069D34A /* Build configuration list for PBXNativeTarget "TicTacToeTests" */;
			buildPhases = (
				A50392E1277F9CA60069D34A /* Sources */,
				A50392E2277F9CA60069D34A /* Frameworks */,
				A50392E3277F9CA60069D34A /* Resources */,
			);
			buildRules = (
			);
			dependencies = (
				A50392E7277F9CA60069D34A /* PBXTargetDependency */,
			);
			name = TicTacToeTests;
			productName = TicTacToeTests;
			productReference = A50392E5277F9CA60069D34A /* TicTacToeTests.xctest */;
			productType = "com.apple.product-type.bundle.unit-test";
		};
		A50392EE277F9CA60069D34A /* TicTacToeUITests */ = {
			isa = PBXNativeTarget;
			buildConfigurationList = A50392FF277F9CA60069D34A /* Build configuration list for PBXNativeTarget "TicTacToeUITests" */;
			buildPhases = (
				A50392EB277F9CA60069D34A /* Sources */,
				A50392EC277F9CA60069D34A /* Frameworks */,
				A50392ED277F9CA60069D34A /* Resources */,
			);
			buildRules = (
			);
			dependencies = (
				A50392F1277F9CA60069D34A /* PBXTargetDependency */,
			);
			name = TicTacToeUITests;
			productName = TicTacToeUITests;
			productReference = A50392EF277F9CA60069D34A /* TicTacToeUITests.xctest */;
			productType = "com.apple.product-type.bundle.ui-testing";
		};
/* End PBXNativeTarget section */

/* Begin PBXProject section */
		A50392C7277F9CA30069D34A /* Project object */ = {
			isa = PBXProject;
			attributes = {
				BuildIndependentTargetsInParallel = 1;
				LastSwiftUpdateCheck = 1310;
				LastUpgradeCheck = 1310;
				TargetAttributes = {
					A50392CE277F9CA30069D34A = {
						CreatedOnToolsVersion = 13.1;
					};
					A50392E4277F9CA60069D34A = {
						CreatedOnToolsVersion = 13.1;
						TestTargetID = A50392CE277F9CA30069D34A;
					};
					A50392EE277F9CA60069D34A = {
						CreatedOnToolsVersion = 13.1;
						TestTargetID = A50392CE277F9CA30069D34A;
					};
				};
			};
			buildConfigurationList = A50392CA277F9CA30069D34A /* Build configuration list for PBXProject "TicTacToe" */;
			compatibilityVersion = "Xcode 13.0";
			developmentRegion = en;
			hasScannedForEncodings = 0;
			knownRegions = (
				en,
				Base,
			);
			mainGroup = A50392C6277F9CA30069D34A;
			productRefGroup = A50392D0277F9CA30069D34A /* Products */;
			projectDirPath = "";
			projectRoot = "";
			targets = (
				A50392CE277F9CA30069D34A /* TicTacToe */,
				A50392E4277F9CA60069D34A /* TicTacToeTests */,
				A50392EE277F9CA60069D34A /* TicTacToeUITests */,
			);
		};
/* End PBXProject section */

/* Begin PBXResourcesBuildPhase section */
		A50392CD277F9CA30069D34A /* Resources */ = {
			isa = PBXResourcesBuildPhase;
			buildActionMask = 2147483647;
			files = (
				A50392DF277F9CA50069D34A /* LaunchScreen.storyboard in Resources */,
				A50392DC277F9CA50069D34A /* Assets.xcassets in Resources */,
				A50392DA277F9CA30069D34A /* Main.storyboard in Resources */,
			);
			runOnlyForDeploymentPostprocessing = 0;
		};
		A50392E3277F9CA60069D34A /* Resources */ = {
			isa = PBXResourcesBuildPhase;
			buildActionMask = 2147483647;
			files = (
			);
			runOnlyForDeploymentPostprocessing = 0;
		};
		A50392ED277F9CA60069D34A /* Resources */ = {
			isa = PBXResourcesBuildPhase;
			buildActionMask = 2147483647;
			files = (
			);
			runOnlyForDeploymentPostprocessing = 0;
		};
/* End PBXResourcesBuildPhase section */

/* Begin PBXSourcesBuildPhase section */
		A50392CB277F9CA30069D34A /* Sources */ = {
			isa = PBXSourcesBuildPhase;
			buildActionMask = 2147483647;
			files = (
				A5039304277FB1CC0069D34A /* TicTacToeModel.swift in Sources */,
				A50392D7277F9CA30069D34A /* MainViewController.swift in Sources */,
				A50392D3277F9CA30069D34A /* AppDelegate.swift in Sources */,
				A50392D5277F9CA30069D34A /* SceneDelegate.swift in Sources */,
				A581590F277FF147006AF77B /* GameButton.swift in Sources */,
			);
			runOnlyForDeploymentPostprocessing = 0;
		};
		A50392E1277F9CA60069D34A /* Sources */ = {
			isa = PBXSourcesBuildPhase;
			buildActionMask = 2147483647;
			files = (
				A50392EA277F9CA60069D34A /* TicTacToeTests.swift in Sources */,
			);
			runOnlyForDeploymentPostprocessing = 0;
		};
		A50392EB277F9CA60069D34A /* Sources */ = {
			isa = PBXSourcesBuildPhase;
			buildActionMask = 2147483647;
			files = (
				A50392F4277F9CA60069D34A /* TicTacToeUITests.swift in Sources */,
				A50392F6277F9CA60069D34A /* TicTacToeUITestsLaunchTests.swift in Sources */,
			);
			runOnlyForDeploymentPostprocessing = 0;
		};
/* End PBXSourcesBuildPhase section */

/* Begin PBXTargetDependency section */
		A50392E7277F9CA60069D34A /* PBXTargetDependency */ = {
			isa = PBXTargetDependency;
			target = A50392CE277F9CA30069D34A /* TicTacToe */;
			targetProxy = A50392E6277F9CA60069D34A /* PBXContainerItemProxy */;
		};
		A50392F1277F9CA60069D34A /* PBXTargetDependency */ = {
			isa = PBXTargetDependency;
			target = A50392CE277F9CA30069D34A /* TicTacToe */;
			targetProxy = A50392F0277F9CA60069D34A /* PBXContainerItemProxy */;
		};
/* End PBXTargetDependency section */

/* Begin PBXVariantGroup section */
		A50392D8277F9CA30069D34A /* Main.storyboard */ = {
			isa = PBXVariantGroup;
			children = (
				A50392D9277F9CA30069D34A /* Base */,
			);
			name = Main.storyboard;
			sourceTree = "<group>";
		};
		A50392DD277F9CA50069D34A /* LaunchScreen.storyboard */ = {
			isa = PBXVariantGroup;
			children = (
				A50392DE277F9CA50069D34A /* Base */,
			);
			name = LaunchScreen.storyboard;
			sourceTree = "<group>";
		};
/* End PBXVariantGroup section */

/* Begin XCBuildConfiguration section */
		A50392F7277F9CA60069D34A /* Debug */ = {
			isa = XCBuildConfiguration;
			buildSettings = {
				ALWAYS_SEARCH_USER_PATHS = NO;
				CLANG_ANALYZER_NONNULL = YES;
				CLANG_ANALYZER_NUMBER_OBJECT_CONVERSION = YES_AGGRESSIVE;
				CLANG_CXX_LANGUAGE_STANDARD = "gnu++17";
				CLANG_CXX_LIBRARY = "libc++";
				CLANG_ENABLE_MODULES = YES;
				CLANG_ENABLE_OBJC_ARC = YES;
				CLANG_ENABLE_OBJC_WEAK = YES;
				CLANG_WARN_BLOCK_CAPTURE_AUTORELEASING = YES;
				CLANG_WARN_BOOL_CONVERSION = YES;
				CLANG_WARN_COMMA = YES;
				CLANG_WARN_CONSTANT_CONVERSION = YES;
				CLANG_WARN_DEPRECATED_OBJC_IMPLEMENTATIONS = YES;
				CLANG_WARN_DIRECT_OBJC_ISA_USAGE = YES_ERROR;
				CLANG_WARN_DOCUMENTATION_COMMENTS = YES;
				CLANG_WARN_EMPTY_BODY = YES;
				CLANG_WARN_ENUM_CONVERSION = YES;
				CLANG_WARN_INFINITE_RECURSION = YES;
				CLANG_WARN_INT_CONVERSION = YES;
				CLANG_WARN_NON_LITERAL_NULL_CONVERSION = YES;
				CLANG_WARN_OBJC_IMPLICIT_RETAIN_SELF = YES;
				CLANG_WARN_OBJC_LITERAL_CONVERSION = YES;
				CLANG_WARN_OBJC_ROOT_CLASS = YES_ERROR;
				CLANG_WARN_QUOTED_INCLUDE_IN_FRAMEWORK_HEADER = YES;
				CLANG_WARN_RANGE_LOOP_ANALYSIS = YES;
				CLANG_WARN_STRICT_PROTOTYPES = YES;
				CLANG_WARN_SUSPICIOUS_MOVE = YES;
				CLANG_WARN_UNGUARDED_AVAILABILITY = YES_AGGRESSIVE;
				CLANG_WARN_UNREACHABLE_CODE = YES;
				CLANG_WARN__DUPLICATE_METHOD_MATCH = YES;
				COPY_PHASE_STRIP = NO;
				DEBUG_INFORMATION_FORMAT = dwarf;
				ENABLE_STRICT_OBJC_MSGSEND = YES;
				ENABLE_TESTABILITY = YES;
				GCC_C_LANGUAGE_STANDARD = gnu11;
				GCC_DYNAMIC_NO_PIC = NO;
				GCC_NO_COMMON_BLOCKS = YES;
				GCC_OPTIMIZATION_LEVEL = 0;
				GCC_PREPROCESSOR_DEFINITIONS = (
					"DEBUG=1",
					"$(inherited)",
				);
				GCC_WARN_64_TO_32_BIT_CONVERSION = YES;
				GCC_WARN_ABOUT_RETURN_TYPE = YES_ERROR;
				GCC_WARN_UNDECLARED_SELECTOR = YES;
				GCC_WARN_UNINITIALIZED_AUTOS = YES_AGGRESSIVE;
				GCC_WARN_UNUSED_FUNCTION = YES;
				GCC_WARN_UNUSED_VARIABLE = YES;
				IPHONEOS_DEPLOYMENT_TARGET = 15.0;
				MTL_ENABLE_DEBUG_INFO = INCLUDE_SOURCE;
				MTL_FAST_MATH = YES;
				ONLY_ACTIVE_ARCH = YES;
				SDKROOT = iphoneos;
				SWIFT_ACTIVE_COMPILATION_CONDITIONS = DEBUG;
				SWIFT_OPTIMIZATION_LEVEL = "-Onone";
			};
			name = Debug;
		};
		A50392F8277F9CA60069D34A /* Release */ = {
			isa = XCBuildConfiguration;
			buildSettings = {
				ALWAYS_SEARCH_USER_PATHS = NO;
				CLANG_ANALYZER_NONNULL = YES;
				CLANG_ANALYZER_NUMBER_OBJECT_CONVERSION = YES_AGGRESSIVE;
				CLANG_CXX_LANGUAGE_STANDARD = "gnu++17";
				CLANG_CXX_LIBRARY = "libc++";
				CLANG_ENABLE_MODULES = YES;
				CLANG_ENABLE_OBJC_ARC = YES;
				CLANG_ENABLE_OBJC_WEAK = YES;
				CLANG_WARN_BLOCK_CAPTURE_AUTORELEASING = YES;
				CLANG_WARN_BOOL_CONVERSION = YES;
				CLANG_WARN_COMMA = YES;
				CLANG_WARN_CONSTANT_CONVERSION = YES;
				CLANG_WARN_DEPRECATED_OBJC_IMPLEMENTATIONS = YES;
				CLANG_WARN_DIRECT_OBJC_ISA_USAGE = YES_ERROR;
				CLANG_WARN_DOCUMENTATION_COMMENTS = YES;
				CLANG_WARN_EMPTY_BODY = YES;
				CLANG_WARN_ENUM_CONVERSION = YES;
				CLANG_WARN_INFINITE_RECURSION = YES;
				CLANG_WARN_INT_CONVERSION = YES;
				CLANG_WARN_NON_LITERAL_NULL_CONVERSION = YES;
				CLANG_WARN_OBJC_IMPLICIT_RETAIN_SELF = YES;
				CLANG_WARN_OBJC_LITERAL_CONVERSION = YES;
				CLANG_WARN_OBJC_ROOT_CLASS = YES_ERROR;
				CLANG_WARN_QUOTED_INCLUDE_IN_FRAMEWORK_HEADER = YES;
				CLANG_WARN_RANGE_LOOP_ANALYSIS = YES;
				CLANG_WARN_STRICT_PROTOTYPES = YES;
				CLANG_WARN_SUSPICIOUS_MOVE = YES;
				CLANG_WARN_UNGUARDED_AVAILABILITY = YES_AGGRESSIVE;
				CLANG_WARN_UNREACHABLE_CODE = YES;
				CLANG_WARN__DUPLICATE_METHOD_MATCH = YES;
				COPY_PHASE_STRIP = NO;
				DEBUG_INFORMATION_FORMAT = "dwarf-with-dsym";
				ENABLE_NS_ASSERTIONS = NO;
				ENABLE_STRICT_OBJC_MSGSEND = YES;
				GCC_C_LANGUAGE_STANDARD = gnu11;
				GCC_NO_COMMON_BLOCKS = YES;
				GCC_WARN_64_TO_32_BIT_CONVERSION = YES;
				GCC_WARN_ABOUT_RETURN_TYPE = YES_ERROR;
				GCC_WARN_UNDECLARED_SELECTOR = YES;
				GCC_WARN_UNINITIALIZED_AUTOS = YES_AGGRESSIVE;
				GCC_WARN_UNUSED_FUNCTION = YES;
				GCC_WARN_UNUSED_VARIABLE = YES;
				IPHONEOS_DEPLOYMENT_TARGET = 15.0;
				MTL_ENABLE_DEBUG_INFO = NO;
				MTL_FAST_MATH = YES;
				SDKROOT = iphoneos;
				SWIFT_COMPILATION_MODE = wholemodule;
				SWIFT_OPTIMIZATION_LEVEL = "-O";
				VALIDATE_PRODUCT = YES;
			};
			name = Release;
		};
		A50392FA277F9CA60069D34A /* Debug */ = {
			isa = XCBuildConfiguration;
			buildSettings = {
				ASSETCATALOG_COMPILER_APPICON_NAME = AppIcon;
				ASSETCATALOG_COMPILER_GLOBAL_ACCENT_COLOR_NAME = AccentColor;
				CODE_SIGN_STYLE = Automatic;
				CURRENT_PROJECT_VERSION = 1;
				DEVELOPMENT_TEAM = 65LRZTCB87;
				GENERATE_INFOPLIST_FILE = YES;
				INFOPLIST_FILE = TicTacToe/Info.plist;
				INFOPLIST_KEY_UIApplicationSupportsIndirectInputEvents = YES;
				INFOPLIST_KEY_UILaunchStoryboardName = LaunchScreen;
				INFOPLIST_KEY_UIMainStoryboardFile = Main;
				INFOPLIST_KEY_UISupportedInterfaceOrientations_iPad = "UIInterfaceOrientationPortrait UIInterfaceOrientationPortraitUpsideDown UIInterfaceOrientationLandscapeLeft UIInterfaceOrientationLandscapeRight";
				INFOPLIST_KEY_UISupportedInterfaceOrientations_iPhone = "UIInterfaceOrientationPortrait UIInterfaceOrientationLandscapeLeft UIInterfaceOrientationLandscapeRight";
				LD_RUNPATH_SEARCH_PATHS = (
					"$(inherited)",
					"@executable_path/Frameworks",
				);
				MARKETING_VERSION = 1.0;
				PRODUCT_BUNDLE_IDENTIFIER = com.janezhu.TicTacToe;
				PRODUCT_NAME = "$(TARGET_NAME)";
				SWIFT_EMIT_LOC_STRINGS = YES;
				SWIFT_VERSION = 5.0;
				TARGETED_DEVICE_FAMILY = "1,2";
			};
			name = Debug;
		};
		A50392FB277F9CA60069D34A /* Release */ = {
			isa = XCBuildConfiguration;
			buildSettings = {
				ASSETCATALOG_COMPILER_APPICON_NAME = AppIcon;
				ASSETCATALOG_COMPILER_GLOBAL_ACCENT_COLOR_NAME = AccentColor;
				CODE_SIGN_STYLE = Automatic;
				CURRENT_PROJECT_VERSION = 1;
				DEVELOPMENT_TEAM = 65LRZTCB87;
				GENERATE_INFOPLIST_FILE = YES;
				INFOPLIST_FILE = TicTacToe/Info.plist;
				INFOPLIST_KEY_UIApplicationSupportsIndirectInputEvents = YES;
				INFOPLIST_KEY_UILaunchStoryboardName = LaunchScreen;
				INFOPLIST_KEY_UIMainStoryboardFile = Main;
				INFOPLIST_KEY_UISupportedInterfaceOrientations_iPad = "UIInterfaceOrientationPortrait UIInterfaceOrientationPortraitUpsideDown UIInterfaceOrientationLandscapeLeft UIInterfaceOrientationLandscapeRight";
				INFOPLIST_KEY_UISupportedInterfaceOrientations_iPhone = "UIInterfaceOrientationPortrait UIInterfaceOrientationLandscapeLeft UIInterfaceOrientationLandscapeRight";
				LD_RUNPATH_SEARCH_PATHS = (
					"$(inherited)",
					"@executable_path/Frameworks",
				);
				MARKETING_VERSION = 1.0;
				PRODUCT_BUNDLE_IDENTIFIER = com.janezhu.TicTacToe;
				PRODUCT_NAME = "$(TARGET_NAME)";
				SWIFT_EMIT_LOC_STRINGS = YES;
				SWIFT_VERSION = 5.0;
				TARGETED_DEVICE_FAMILY = "1,2";
			};
			name = Release;
		};
		A50392FD277F9CA60069D34A /* Debug */ = {
			isa = XCBuildConfiguration;
			buildSettings = {
				ALWAYS_EMBED_SWIFT_STANDARD_LIBRARIES = YES;
				BUNDLE_LOADER = "$(TEST_HOST)";
				CODE_SIGN_STYLE = Automatic;
				CURRENT_PROJECT_VERSION = 1;
				DEVELOPMENT_TEAM = 65LRZTCB87;
				GENERATE_INFOPLIST_FILE = YES;
				IPHONEOS_DEPLOYMENT_TARGET = 15.0;
				LD_RUNPATH_SEARCH_PATHS = (
					"$(inherited)",
					"@executable_path/Frameworks",
					"@loader_path/Frameworks",
				);
				MARKETING_VERSION = 1.0;
				PRODUCT_BUNDLE_IDENTIFIER = com.janezhu.TicTacToeTests;
				PRODUCT_NAME = "$(TARGET_NAME)";
				SWIFT_EMIT_LOC_STRINGS = NO;
				SWIFT_VERSION = 5.0;
				TARGETED_DEVICE_FAMILY = "1,2";
				TEST_HOST = "$(BUILT_PRODUCTS_DIR)/TicTacToe.app/TicTacToe";
			};
			name = Debug;
		};
		A50392FE277F9CA60069D34A /* Release */ = {
			isa = XCBuildConfiguration;
			buildSettings = {
				ALWAYS_EMBED_SWIFT_STANDARD_LIBRARIES = YES;
				BUNDLE_LOADER = "$(TEST_HOST)";
				CODE_SIGN_STYLE = Automatic;
				CURRENT_PROJECT_VERSION = 1;
				DEVELOPMENT_TEAM = 65LRZTCB87;
				GENERATE_INFOPLIST_FILE = YES;
				IPHONEOS_DEPLOYMENT_TARGET = 15.0;
				LD_RUNPATH_SEARCH_PATHS = (
					"$(inherited)",
					"@executable_path/Frameworks",
					"@loader_path/Frameworks",
				);
				MARKETING_VERSION = 1.0;
				PRODUCT_BUNDLE_IDENTIFIER = com.janezhu.TicTacToeTests;
				PRODUCT_NAME = "$(TARGET_NAME)";
				SWIFT_EMIT_LOC_STRINGS = NO;
				SWIFT_VERSION = 5.0;
				TARGETED_DEVICE_FAMILY = "1,2";
				TEST_HOST = "$(BUILT_PRODUCTS_DIR)/TicTacToe.app/TicTacToe";
			};
			name = Release;
		};
		A5039300277F9CA60069D34A /* Debug */ = {
			isa = XCBuildConfiguration;
			buildSettings = {
				ALWAYS_EMBED_SWIFT_STANDARD_LIBRARIES = YES;
				CODE_SIGN_STYLE = Automatic;
				CURRENT_PROJECT_VERSION = 1;
				DEVELOPMENT_TEAM = 65LRZTCB87;
				GENERATE_INFOPLIST_FILE = YES;
				LD_RUNPATH_SEARCH_PATHS = (
					"$(inherited)",
					"@executable_path/Frameworks",
					"@loader_path/Frameworks",
				);
				MARKETING_VERSION = 1.0;
				PRODUCT_BUNDLE_IDENTIFIER = com.janezhu.TicTacToeUITests;
				PRODUCT_NAME = "$(TARGET_NAME)";
				SWIFT_EMIT_LOC_STRINGS = NO;
				SWIFT_VERSION = 5.0;
				TARGETED_DEVICE_FAMILY = "1,2";
				TEST_TARGET_NAME = TicTacToe;
			};
			name = Debug;
		};
		A5039301277F9CA60069D34A /* Release */ = {
			isa = XCBuildConfiguration;
			buildSettings = {
				ALWAYS_EMBED_SWIFT_STANDARD_LIBRARIES = YES;
				CODE_SIGN_STYLE = Automatic;
				CURRENT_PROJECT_VERSION = 1;
				DEVELOPMENT_TEAM = 65LRZTCB87;
				GENERATE_INFOPLIST_FILE = YES;
				LD_RUNPATH_SEARCH_PATHS = (
					"$(inherited)",
					"@executable_path/Frameworks",
					"@loader_path/Frameworks",
				);
				MARKETING_VERSION = 1.0;
				PRODUCT_BUNDLE_IDENTIFIER = com.janezhu.TicTacToeUITests;
				PRODUCT_NAME = "$(TARGET_NAME)";
				SWIFT_EMIT_LOC_STRINGS = NO;
				SWIFT_VERSION = 5.0;
				TARGETED_DEVICE_FAMILY = "1,2";
				TEST_TARGET_NAME = TicTacToe;
			};
			name = Release;
		};
/* End XCBuildConfiguration section */

/* Begin XCConfigurationList section */
		A50392CA277F9CA30069D34A /* Build configuration list for PBXProject "TicTacToe" */ = {
			isa = XCConfigurationList;
			buildConfigurations = (
				A50392F7277F9CA60069D34A /* Debug */,
				A50392F8277F9CA60069D34A /* Release */,
			);
			defaultConfigurationIsVisible = 0;
			defaultConfigurationName = Release;
		};
		A50392F9277F9CA60069D34A /* Build configuration list for PBXNativeTarget "TicTacToe" */ = {
			isa = XCConfigurationList;
			buildConfigurations = (
				A50392FA277F9CA60069D34A /* Debug */,
				A50392FB277F9CA60069D34A /* Release */,
			);
			defaultConfigurationIsVisible = 0;
			defaultConfigurationName = Release;
		};
		A50392FC277F9CA60069D34A /* Build configuration list for PBXNativeTarget "TicTacToeTests" */ = {
			isa = XCConfigurationList;
			buildConfigurations = (
				A50392FD277F9CA60069D34A /* Debug */,
				A50392FE277F9CA60069D34A /* Release */,
			);
			defaultConfigurationIsVisible = 0;
			defaultConfigurationName = Release;
		};
		A50392FF277F9CA60069D34A /* Build configuration list for PBXNativeTarget "TicTacToeUITests" */ = {
			isa = XCConfigurationList;
			buildConfigurations = (
				A5039300277F9CA60069D34A /* Debug */,
				A5039301277F9CA60069D34A /* Release */,
			);
			defaultConfigurationIsVisible = 0;
			defaultConfigurationName = Release;
		};
/* End XCConfigurationList section */
	};
	rootObject = A50392C7277F9CA30069D34A /* Project object */;
}
